// !$*UTF8*$!
{
	archiveVersion = 1;
	classes = {
	};
	objectVersion = 46;
	objects = {

/* Begin PBXBuildFile section */
		EE51604B15C852E800FFDAE4 /* UIKit.framework in Frameworks */ = {isa = PBXBuildFile; fileRef = EE51604A15C852E800FFDAE4 /* UIKit.framework */; };
		EE51604D15C852E800FFDAE4 /* Foundation.framework in Frameworks */ = {isa = PBXBuildFile; fileRef = EE51604C15C852E800FFDAE4 /* Foundation.framework */; };
		EE51604F15C852E800FFDAE4 /* CoreGraphics.framework in Frameworks */ = {isa = PBXBuildFile; fileRef = EE51604E15C852E800FFDAE4 /* CoreGraphics.framework */; };
		EE51605515C852E800FFDAE4 /* InfoPlist.strings in Resources */ = {isa = PBXBuildFile; fileRef = EE51605315C852E800FFDAE4 /* InfoPlist.strings */; };
		EE51605715C852E800FFDAE4 /* main.m in Sources */ = {isa = PBXBuildFile; fileRef = EE51605615C852E800FFDAE4 /* main.m */; };
		EE51605B15C852E800FFDAE4 /* quizAppDelegate.m in Sources */ = {isa = PBXBuildFile; fileRef = EE51605A15C852E800FFDAE4 /* quizAppDelegate.m */; };
		EE51605E15C852E800FFDAE4 /* MainStoryboard.storyboard in Resources */ = {isa = PBXBuildFile; fileRef = EE51605C15C852E800FFDAE4 /* MainStoryboard.storyboard */; };
		EE51606115C852E800FFDAE4 /* quizViewController.m in Sources */ = {isa = PBXBuildFile; fileRef = EE51606015C852E800FFDAE4 /* quizViewController.m */; };
/* End PBXBuildFile section */

/* Begin PBXFileReference section */
		EE51604615C852E800FFDAE4 /* Math Quiz.app */ = {isa = PBXFileReference; explicitFileType = wrapper.application; includeInIndex = 0; path = "Math Quiz.app"; sourceTree = BUILT_PRODUCTS_DIR; };
		EE51604A15C852E800FFDAE4 /* UIKit.framework */ = {isa = PBXFileReference; lastKnownFileType = wrapper.framework; name = UIKit.framework; path = System/Library/Frameworks/UIKit.framework; sourceTree = SDKROOT; };
		EE51604C15C852E800FFDAE4 /* Foundation.framework */ = {isa = PBXFileReference; lastKnownFileType = wrapper.framework; name = Foundation.framework; path = System/Library/Frameworks/Foundation.framework; sourceTree = SDKROOT; };
		EE51604E15C852E800FFDAE4 /* CoreGraphics.framework */ = {isa = PBXFileReference; lastKnownFileType = wrapper.framework; name = CoreGraphics.framework; path = System/Library/Frameworks/CoreGraphics.framework; sourceTree = SDKROOT; };
		EE51605215C852E800FFDAE4 /* Math Quiz-Info.plist */ = {isa = PBXFileReference; lastKnownFileType = text.plist.xml; path = "Math Quiz-Info.plist"; sourceTree = "<group>"; };
		EE51605415C852E800FFDAE4 /* en */ = {isa = PBXFileReference; lastKnownFileType = text.plist.strings; name = en; path = en.lproj/InfoPlist.strings; sourceTree = "<group>"; };
		EE51605615C852E800FFDAE4 /* main.m */ = {isa = PBXFileReference; lastKnownFileType = sourcecode.c.objc; path = main.m; sourceTree = "<group>"; };
		EE51605815C852E800FFDAE4 /* Math Quiz-Prefix.pch */ = {isa = PBXFileReference; lastKnownFileType = sourcecode.c.h; path = "Math Quiz-Prefix.pch"; sourceTree = "<group>"; };
		EE51605915C852E800FFDAE4 /* quizAppDelegate.h */ = {isa = PBXFileReference; lastKnownFileType = sourcecode.c.h; path = quizAppDelegate.h; sourceTree = "<group>"; };
		EE51605A15C852E800FFDAE4 /* quizAppDelegate.m */ = {isa = PBXFileReference; lastKnownFileType = sourcecode.c.objc; path = quizAppDelegate.m; sourceTree = "<group>"; };
		EE51605D15C852E800FFDAE4 /* en */ = {isa = PBXFileReference; lastKnownFileType = file.storyboard; name = en; path = en.lproj/MainStoryboard.storyboard; sourceTree = "<group>"; };
		EE51605F15C852E800FFDAE4 /* quizViewController.h */ = {isa = PBXFileReference; lastKnownFileType = sourcecode.c.h; path = quizViewController.h; sourceTree = "<group>"; };
		EE51606015C852E800FFDAE4 /* quizViewController.m */ = {isa = PBXFileReference; lastKnownFileType = sourcecode.c.objc; path = quizViewController.m; sourceTree = "<group>"; };
/* End PBXFileReference section */

/* Begin PBXFrameworksBuildPhase section */
		EE51604315C852E800FFDAE4 /* Frameworks */ = {
			isa = PBXFrameworksBuildPhase;
			buildActionMask = 2147483647;
			files = (
				EE51604B15C852E800FFDAE4 /* UIKit.framework in Frameworks */,
				EE51604D15C852E800FFDAE4 /* Foundation.framework in Frameworks */,
				EE51604F15C852E800FFDAE4 /* CoreGraphics.framework in Frameworks */,
			);
			runOnlyForDeploymentPostprocessing = 0;
		};
/* End PBXFrameworksBuildPhase section */

/* Begin PBXGroup section */
		EE51603B15C852E800FFDAE4 = {
			isa = PBXGroup;
			children = (
				EE51605015C852E800FFDAE4 /* Math Quiz */,
				EE51604915C852E800FFDAE4 /* Frameworks */,
				EE51604715C852E800FFDAE4 /* Products */,
			);
			sourceTree = "<group>";
		};
		EE51604715C852E800FFDAE4 /* Products */ = {
			isa = PBXGroup;
			children = (
				EE51604615C852E800FFDAE4 /* Math Quiz.app */,
			);
			name = Products;
			sourceTree = "<group>";
		};
		EE51604915C852E800FFDAE4 /* Frameworks */ = {
			isa = PBXGroup;
			children = (
				EE51604A15C852E800FFDAE4 /* UIKit.framework */,
				EE51604C15C852E800FFDAE4 /* Foundation.framework */,
				EE51604E15C852E800FFDAE4 /* CoreGraphics.framework */,
			);
			name = Frameworks;
			sourceTree = "<group>";
		};
		EE51605015C852E800FFDAE4 /* Math Quiz */ = {
			isa = PBXGroup;
			children = (
				EE51605915C852E800FFDAE4 /* quizAppDelegate.h */,
				EE51605A15C852E800FFDAE4 /* quizAppDelegate.m */,
				EE51605C15C852E800FFDAE4 /* MainStoryboard.storyboard */,
				EE51605F15C852E800FFDAE4 /* quizViewController.h */,
				EE51606015C852E800FFDAE4 /* quizViewController.m */,
				EE51605115C852E800FFDAE4 /* Supporting Files */,
			);
			path = "Math Quiz";
			sourceTree = "<group>";
		};
		EE51605115C852E800FFDAE4 /* Supporting Files */ = {
			isa = PBXGroup;
			children = (
				EE51605215C852E800FFDAE4 /* Math Quiz-Info.plist */,
				EE51605315C852E800FFDAE4 /* InfoPlist.strings */,
				EE51605615C852E800FFDAE4 /* main.m */,
				EE51605815C852E800FFDAE4 /* Math Quiz-Prefix.pch */,
			);
			name = "Supporting Files";
			sourceTree = "<group>";
		};
/* End PBXGroup section */

/* Begin PBXNativeTarget section */
		EE51604515C852E800FFDAE4 /* Math Quiz */ = {
			isa = PBXNativeTarget;
			buildConfigurationList = EE51606415C852E800FFDAE4 /* Build configuration list for PBXNativeTarget "Math Quiz" */;
			buildPhases = (
				EE51604215C852E800FFDAE4 /* Sources */,
				EE51604315C852E800FFDAE4 /* Frameworks */,
				EE51604415C852E800FFDAE4 /* Resources */,
			);
			buildRules = (
			);
			dependencies = (
			);
			name = "Math Quiz";
			productName = "Math Quiz";
			productReference = EE51604615C852E800FFDAE4 /* Math Quiz.app */;
			productType = "com.apple.product-type.application";
		};
/* End PBXNativeTarget section */

/* Begin PBXProject section */
		EE51603D15C852E800FFDAE4 /* Project object */ = {
			isa = PBXProject;
			attributes = {
				CLASSPREFIX = quiz;
				LastUpgradeCheck = 0440;
				ORGANIZATIONNAME = "Joshua Fisher";
			};
			buildConfigurationList = EE51604015C852E800FFDAE4 /* Build configuration list for PBXProject "Math Quiz" */;
			compatibilityVersion = "Xcode 3.2";
			developmentRegion = English;
			hasScannedForEncodings = 0;
			knownRegions = (
				en,
			);
			mainGroup = EE51603B15C852E800FFDAE4;
			productRefGroup = EE51604715C852E800FFDAE4 /* Products */;
			projectDirPath = "";
			projectRoot = "";
			targets = (
				EE51604515C852E800FFDAE4 /* Math Quiz */,
			);
		};
/* End PBXProject section */

/* Begin PBXResourcesBuildPhase section */
		EE51604415C852E800FFDAE4 /* Resources */ = {
			isa = PBXResourcesBuildPhase;
			buildActionMask = 2147483647;
			files = (
				EE51605515C852E800FFDAE4 /* InfoPlist.strings in Resources */,
				EE51605E15C852E800FFDAE4 /* MainStoryboard.storyboard in Resources */,
			);
			runOnlyForDeploymentPostprocessing = 0;
		};
/* End PBXResourcesBuildPhase section */

/* Begin PBXSourcesBuildPhase section */
		EE51604215C852E800FFDAE4 /* Sources */ = {
			isa = PBXSourcesBuildPhase;
			buildActionMask = 2147483647;
			files = (
				EE51605715C852E800FFDAE4 /* main.m in Sources */,
				EE51605B15C852E800FFDAE4 /* quizAppDelegate.m in Sources */,
				EE51606115C852E800FFDAE4 /* quizViewController.m in Sources */,
			);
			runOnlyForDeploymentPostprocessing = 0;
		};
/* End PBXSourcesBuildPhase section */

/* Begin PBXVariantGroup section */
		EE51605315C852E800FFDAE4 /* InfoPlist.strings */ = {
			isa = PBXVariantGroup;
			children = (
				EE51605415C852E800FFDAE4 /* en */,
			);
			name = InfoPlist.strings;
			sourceTree = "<group>";
		};
		EE51605C15C852E800FFDAE4 /* MainStoryboard.storyboard */ = {
			isa = PBXVariantGroup;
			children = (
				EE51605D15C852E800FFDAE4 /* en */,
			);
			name = MainStoryboard.storyboard;
			sourceTree = "<group>";
		};
/* End PBXVariantGroup section */

/* Begin XCBuildConfiguration section */
		EE51606215C852E800FFDAE4 /* Debug */ = {
			isa = XCBuildConfiguration;
			buildSettings = {
				ALWAYS_SEARCH_USER_PATHS = NO;
				ARCHS = "$(ARCHS_STANDARD_32_BIT)";
				CLANG_CXX_LANGUAGE_STANDARD = "gnu++0x";
				CLANG_ENABLE_OBJC_ARC = YES;
				CLANG_WARN__DUPLICATE_METHOD_MATCH = YES;
				"CODE_SIGN_IDENTITY[sdk=iphoneos*]" = "iPhone Developer";
				COPY_PHASE_STRIP = NO;
				GCC_C_LANGUAGE_STANDARD = gnu99;
				GCC_DYNAMIC_NO_PIC = NO;
				GCC_OPTIMIZATION_LEVEL = 0;
				GCC_PREPROCESSOR_DEFINITIONS = (
					"DEBUG=1",
					"$(inherited)",
				);
				GCC_SYMBOLS_PRIVATE_EXTERN = NO;
				GCC_VERSION = com.apple.compilers.llvm.clang.1_0;
				GCC_WARN_ABOUT_RETURN_TYPE = YES;
				GCC_WARN_UNINITIALIZED_AUTOS = YES;
				GCC_WARN_UNUSED_VARIABLE = YES;
				IPHONEOS_DEPLOYMENT_TARGET = 5.1;
				SDKROOT = iphoneos;
			};
			name = Debug;
		};
		EE51606315C852E800FFDAE4 /* Release */ = {
			isa = XCBuildConfiguration;
			buildSettings = {
				ALWAYS_SEARCH_USER_PATHS = NO;
				ARCHS = "$(ARCHS_STANDARD_32_BIT)";
				CLANG_CXX_LANGUAGE_STANDARD = "gnu++0x";
				CLANG_ENABLE_OBJC_ARC = YES;
				CLANG_WARN__DUPLICATE_METHOD_MATCH = YES;
				"CODE_SIGN_IDENTITY[sdk=iphoneos*]" = "iPhone Developer";
				COPY_PHASE_STRIP = YES;
				GCC_C_LANGUAGE_STANDARD = gnu99;
				GCC_VERSION = com.apple.compilers.llvm.clang.1_0;
				GCC_WARN_ABOUT_RETURN_TYPE = YES;
				GCC_WARN_UNINITIALIZED_AUTOS = YES;
				GCC_WARN_UNUSED_VARIABLE = YES;
				IPHONEOS_DEPLOYMENT_TARGET = 5.1;
				OTHER_CFLAGS = "-DNS_BLOCK_ASSERTIONS=1";
				SDKROOT = iphoneos;
				VALIDATE_PRODUCT = YES;
			};
			name = Release;
		};
		EE51606515C852E800FFDAE4 /* Debug */ = {
			isa = XCBuildConfiguration;
			buildSettings = {
				GCC_PRECOMPILE_PREFIX_HEADER = YES;
				GCC_PREFIX_HEADER = "Math Quiz/Math Quiz-Prefix.pch";
				INFOPLIST_FILE = "Math Quiz/Math Quiz-Info.plist";
				PRODUCT_NAME = "$(TARGET_NAME)";
				WRAPPER_EXTENSION = app;
			};
			name = Debug;
		};
		EE51606615C852E800FFDAE4 /* Release */ = {
			isa = XCBuildConfiguration;
			buildSettings = {
				GCC_PRECOMPILE_PREFIX_HEADER = YES;
				GCC_PREFIX_HEADER = "Math Quiz/Math Quiz-Prefix.pch";
				INFOPLIST_FILE = "Math Quiz/Math Quiz-Info.plist";
				PRODUCT_NAME = "$(TARGET_NAME)";
				WRAPPER_EXTENSION = app;
			};
			name = Release;
		};
/* End XCBuildConfiguration section */

/* Begin XCConfigurationList section */
		EE51604015C852E800FFDAE4 /* Build configuration list for PBXProject "Math Quiz" */ = {
			isa = XCConfigurationList;
			buildConfigurations = (
				EE51606215C852E800FFDAE4 /* Debug */,
				EE51606315C852E800FFDAE4 /* Release */,
			);
			defaultConfigurationIsVisible = 0;
			defaultConfigurationName = Release;
		};
		EE51606415C852E800FFDAE4 /* Build configuration list for PBXNativeTarget "Math Quiz" */ = {
			isa = XCConfigurationList;
			buildConfigurations = (
				EE51606515C852E800FFDAE4 /* Debug */,
				EE51606615C852E800FFDAE4 /* Release */,
			);
			defaultConfigurationIsVisible = 0;
		};
/* End XCConfigurationList section */
	};
	rootObject = EE51603D15C852E800FFDAE4 /* Project object */;
}
